
Microsoft Visual Studio Solution File, Format Version 12.00
# Visual Studio 15
VisualStudioVersion = 15.0.27130.0
MinimumVisualStudioVersion = 10.0.40219.1
Project("{2150E333-8FDC-42A3-9474-1A3956D46DE8}") = "src", "src", "{9524CB6A-D0C7-46DB-9DF3-FF944D25E31E}"
EndProject
Project("{2150E333-8FDC-42A3-9474-1A3956D46DE8}") = "test", "test", "{0B34D5E4-7AA5-4BE6-BDDF-23C801A566A8}"
EndProject
Project("{9A19103F-16F7-4668-BE54-9A1E7A4F7556}") = "FindCore.UserAPI", "FindCore.UserAPI\FindCore.UserAPI.csproj", "{F00771FE-567E-482C-AEF7-EAE4C4940933}"
EndProject
Project("{2150E333-8FDC-42A3-9474-1A3956D46DE8}") = "Project", "Project", "{D48BE9FD-92A9-4FBF-9DD4-A24459A48C5A}"
EndProject
Project("{9A19103F-16F7-4668-BE54-9A1E7A4F7556}") = "Project.API", "Project.API\Project.API.csproj", "{1CB18C00-49F7-4DF3-88DB-53E3FDC9F0E5}"
EndProject
Project("{9A19103F-16F7-4668-BE54-9A1E7A4F7556}") = "Project.Domain", "Project.Domain\Project.Domain.csproj", "{D2E4671D-56B4-4273-A95F-BC0DA10B4425}"
EndProject
Project("{9A19103F-16F7-4668-BE54-9A1E7A4F7556}") = "Project.Infrastructure", "Project.Infrastructure\Project.Infrastructure.csproj", "{AC74D8A1-DB2C-47E1-A89E-039AA9703FF0}"
EndProject
Project("{9A19103F-16F7-4668-BE54-9A1E7A4F7556}") = "FindCore.IdentityAPI", "FindCore.IdentityAPI\FindCore.IdentityAPI.csproj", "{213874D0-1E1E-4F40-8DAA-2BA42F0D8234}"
EndProject
Project("{9A19103F-16F7-4668-BE54-9A1E7A4F7556}") = "FindCore.RecommendAPI", "FindCore.RecommendAPI\FindCore.RecommendAPI.csproj", "{055502E3-6FB2-4230-9DE2-442C506290E9}"
EndProject
Project("{9A19103F-16F7-4668-BE54-9A1E7A4F7556}") = "FindCore.GatewayAPI", "FindCore.GatewayAPI\FindCore.GatewayAPI.csproj", "{1520A853-2177-439F-90F5-2F7934B7D997}"
EndProject
Project("{9A19103F-16F7-4668-BE54-9A1E7A4F7556}") = "FindCore.ContactAPI", "FindCore.ContactAPI\FindCore.ContactAPI.csproj", "{A1B2FB37-0427-4F63-8056-8D4939B594A6}"
EndProject
Project("{2150E333-8FDC-42A3-9474-1A3956D46DE8}") = "BuildingBlocks", "BuildingBlocks", "{F5C612AD-206C-448A-AE62-06F20BBD161F}"
EndProject
Project("{FAE04EC0-301F-11D3-BF4B-00C04F79EFBC}") = "Infrastructure", "Infrastructure\Infrastructure.csproj", "{C10E873F-0CEF-4AF9-B865-ED747A1032E5}"
EndProject
Global
	GlobalSection(SolutionConfigurationPlatforms) = preSolution
		Debug|Any CPU = Debug|Any CPU
		Release|Any CPU = Release|Any CPU
	EndGlobalSection
	GlobalSection(ProjectConfigurationPlatforms) = postSolution
		{F00771FE-567E-482C-AEF7-EAE4C4940933}.Debug|Any CPU.ActiveCfg = Debug|Any CPU
		{F00771FE-567E-482C-AEF7-EAE4C4940933}.Debug|Any CPU.Build.0 = Debug|Any CPU
		{F00771FE-567E-482C-AEF7-EAE4C4940933}.Release|Any CPU.ActiveCfg = Release|Any CPU
		{F00771FE-567E-482C-AEF7-EAE4C4940933}.Release|Any CPU.Build.0 = Release|Any CPU
		{1CB18C00-49F7-4DF3-88DB-53E3FDC9F0E5}.Debug|Any CPU.ActiveCfg = Debug|Any CPU
		{1CB18C00-49F7-4DF3-88DB-53E3FDC9F0E5}.Debug|Any CPU.Build.0 = Debug|Any CPU
		{1CB18C00-49F7-4DF3-88DB-53E3FDC9F0E5}.Release|Any CPU.ActiveCfg = Release|Any CPU
		{1CB18C00-49F7-4DF3-88DB-53E3FDC9F0E5}.Release|Any CPU.Build.0 = Release|Any CPU
		{D2E4671D-56B4-4273-A95F-BC0DA10B4425}.Debug|Any CPU.ActiveCfg = Debug|Any CPU
		{D2E4671D-56B4-4273-A95F-BC0DA10B4425}.Debug|Any CPU.Build.0 = Debug|Any CPU
		{D2E4671D-56B4-4273-A95F-BC0DA10B4425}.Release|Any CPU.ActiveCfg = Release|Any CPU
		{D2E4671D-56B4-4273-A95F-BC0DA10B4425}.Release|Any CPU.Build.0 = Release|Any CPU
		{AC74D8A1-DB2C-47E1-A89E-039AA9703FF0}.Debug|Any CPU.ActiveCfg = Debug|Any CPU
		{AC74D8A1-DB2C-47E1-A89E-039AA9703FF0}.Debug|Any CPU.Build.0 = Debug|Any CPU
		{AC74D8A1-DB2C-47E1-A89E-039AA9703FF0}.Release|Any CPU.ActiveCfg = Release|Any CPU
		{AC74D8A1-DB2C-47E1-A89E-039AA9703FF0}.Release|Any CPU.Build.0 = Release|Any CPU
		{213874D0-1E1E-4F40-8DAA-2BA42F0D8234}.Debug|Any CPU.ActiveCfg = Debug|Any CPU
		{213874D0-1E1E-4F40-8DAA-2BA42F0D8234}.Debug|Any CPU.Build.0 = Debug|Any CPU
		{213874D0-1E1E-4F40-8DAA-2BA42F0D8234}.Release|Any CPU.ActiveCfg = Release|Any CPU
		{213874D0-1E1E-4F40-8DAA-2BA42F0D8234}.Release|Any CPU.Build.0 = Release|Any CPU
		{055502E3-6FB2-4230-9DE2-442C506290E9}.Debug|Any CPU.ActiveCfg = Debug|Any CPU
		{055502E3-6FB2-4230-9DE2-442C506290E9}.Debug|Any CPU.Build.0 = Debug|Any CPU
		{055502E3-6FB2-4230-9DE2-442C506290E9}.Release|Any CPU.ActiveCfg = Release|Any CPU
		{055502E3-6FB2-4230-9DE2-442C506290E9}.Release|Any CPU.Build.0 = Release|Any CPU
		{1520A853-2177-439F-90F5-2F7934B7D997}.Debug|Any CPU.ActiveCfg = Debug|Any CPU
		{1520A853-2177-439F-90F5-2F7934B7D997}.Debug|Any CPU.Build.0 = Debug|Any CPU
		{1520A853-2177-439F-90F5-2F7934B7D997}.Release|Any CPU.ActiveCfg = Release|Any CPU
		{1520A853-2177-439F-90F5-2F7934B7D997}.Release|Any CPU.Build.0 = Release|Any CPU
		{A1B2FB37-0427-4F63-8056-8D4939B594A6}.Debug|Any CPU.ActiveCfg = Debug|Any CPU
		{A1B2FB37-0427-4F63-8056-8D4939B594A6}.Debug|Any CPU.Build.0 = Debug|Any CPU
		{A1B2FB37-0427-4F63-8056-8D4939B594A6}.Release|Any CPU.ActiveCfg = Release|Any CPU
		{A1B2FB37-0427-4F63-8056-8D4939B594A6}.Release|Any CPU.Build.0 = Release|Any CPU
		{C10E873F-0CEF-4AF9-B865-ED747A1032E5}.Debug|Any CPU.ActiveCfg = Debug|Any CPU
		{C10E873F-0CEF-4AF9-B865-ED747A1032E5}.Debug|Any CPU.Build.0 = Debug|Any CPU
		{C10E873F-0CEF-4AF9-B865-ED747A1032E5}.Release|Any CPU.ActiveCfg = Release|Any CPU
		{C10E873F-0CEF-4AF9-B865-ED747A1032E5}.Release|Any CPU.Build.0 = Release|Any CPU
	EndGlobalSection
	GlobalSection(SolutionProperties) = preSolution
		HideSolutionNode = FALSE
	EndGlobalSection
	GlobalSection(NestedProjects) = preSolution
		{F00771FE-567E-482C-AEF7-EAE4C4940933} = {9524CB6A-D0C7-46DB-9DF3-FF944D25E31E}
		{D48BE9FD-92A9-4FBF-9DD4-A24459A48C5A} = {9524CB6A-D0C7-46DB-9DF3-FF944D25E31E}
		{1CB18C00-49F7-4DF3-88DB-53E3FDC9F0E5} = {D48BE9FD-92A9-4FBF-9DD4-A24459A48C5A}
		{D2E4671D-56B4-4273-A95F-BC0DA10B4425} = {D48BE9FD-92A9-4FBF-9DD4-A24459A48C5A}
		{AC74D8A1-DB2C-47E1-A89E-039AA9703FF0} = {D48BE9FD-92A9-4FBF-9DD4-A24459A48C5A}
		{213874D0-1E1E-4F40-8DAA-2BA42F0D8234} = {9524CB6A-D0C7-46DB-9DF3-FF944D25E31E}
		{055502E3-6FB2-4230-9DE2-442C506290E9} = {9524CB6A-D0C7-46DB-9DF3-FF944D25E31E}
		{1520A853-2177-439F-90F5-2F7934B7D997} = {9524CB6A-D0C7-46DB-9DF3-FF944D25E31E}
		{A1B2FB37-0427-4F63-8056-8D4939B594A6} = {9524CB6A-D0C7-46DB-9DF3-FF944D25E31E}
		{F5C612AD-206C-448A-AE62-06F20BBD161F} = {9524CB6A-D0C7-46DB-9DF3-FF944D25E31E}
		{C10E873F-0CEF-4AF9-B865-ED747A1032E5} = {F5C612AD-206C-448A-AE62-06F20BBD161F}
	EndGlobalSection
	GlobalSection(ExtensibilityGlobals) = postSolution
		SolutionGuid = {52BBB265-9E12-46F1-9A1F-2ADB6BEA7230}
	EndGlobalSection
EndGlobal
